
Microsoft Visual Studio Solution File, Format Version 12.00
# Visual Studio Version 17
VisualStudioVersion = 17.0.31903.59
MinimumVisualStudioVersion = 10.0.40219.1
Project("{FAE04EC0-301F-11D3-BF4B-00C04F79EFBC}") = "PharmaStock.Domain", "src\PharmaStock.Domain\PharmaStock.Domain.csproj", "{FD61F026-E926-4A70-B4B0-226286E8B4BE}"
EndProject
Project("{FAE04EC0-301F-11D3-BF4B-00C04F79EFBC}") = "PharmaStock.Infrastructure", "src\PharmaStock.Infrastructure\PharmaStock.Infrastructure.csproj", "{4A2BF443-F738-43B5-A4B7-0F1344FC8698}"
EndProject
Project("{FAE04EC0-301F-11D3-BF4B-00C04F79EFBC}") = "PharmaStock.Api", "src\PharmaStock.Api\PharmaStock.Api.csproj", "{45AA81FA-CAFD-4C56-9B96-2DD11FCF6169}"
EndProject
Project("{2150E333-8FDC-42A3-9474-1A3956D46DE8}") = "src", "src", "{827E0CD3-B72D-47B6-A68D-7590B98EB39B}"
EndProject
Project("{FAE04EC0-301F-11D3-BF4B-00C04F79EFBC}") = "PharmaStock.Web", "src\PharmaStock.Web\PharmaStock.Web.csproj", "{022A9A6F-E063-480D-9D6E-8CC92C9B3DD1}"
EndProject
Global
	GlobalSection(SolutionConfigurationPlatforms) = preSolution
		Debug|Any CPU = Debug|Any CPU
		Debug|x64 = Debug|x64
		Debug|x86 = Debug|x86
		Release|Any CPU = Release|Any CPU
		Release|x64 = Release|x64
		Release|x86 = Release|x86
	EndGlobalSection
	GlobalSection(ProjectConfigurationPlatforms) = postSolution
		{FD61F026-E926-4A70-B4B0-226286E8B4BE}.Debug|Any CPU.ActiveCfg = Debug|Any CPU
		{FD61F026-E926-4A70-B4B0-226286E8B4BE}.Debug|Any CPU.Build.0 = Debug|Any CPU
		{FD61F026-E926-4A70-B4B0-226286E8B4BE}.Debug|x64.ActiveCfg = Debug|Any CPU
		{FD61F026-E926-4A70-B4B0-226286E8B4BE}.Debug|x64.Build.0 = Debug|Any CPU
		{FD61F026-E926-4A70-B4B0-226286E8B4BE}.Debug|x86.ActiveCfg = Debug|Any CPU
		{FD61F026-E926-4A70-B4B0-226286E8B4BE}.Debug|x86.Build.0 = Debug|Any CPU
		{FD61F026-E926-4A70-B4B0-226286E8B4BE}.Release|Any CPU.ActiveCfg = Release|Any CPU
		{FD61F026-E926-4A70-B4B0-226286E8B4BE}.Release|Any CPU.Build.0 = Release|Any CPU
		{FD61F026-E926-4A70-B4B0-226286E8B4BE}.Release|x64.ActiveCfg = Release|Any CPU
		{FD61F026-E926-4A70-B4B0-226286E8B4BE}.Release|x64.Build.0 = Release|Any CPU
		{FD61F026-E926-4A70-B4B0-226286E8B4BE}.Release|x86.ActiveCfg = Release|Any CPU
		{FD61F026-E926-4A70-B4B0-226286E8B4BE}.Release|x86.Build.0 = Release|Any CPU
		{4A2BF443-F738-43B5-A4B7-0F1344FC8698}.Debug|Any CPU.ActiveCfg = Debug|Any CPU
		{4A2BF443-F738-43B5-A4B7-0F1344FC8698}.Debug|Any CPU.Build.0 = Debug|Any CPU
		{4A2BF443-F738-43B5-A4B7-0F1344FC8698}.Debug|x64.ActiveCfg = Debug|Any CPU
		{4A2BF443-F738-43B5-A4B7-0F1344FC8698}.Debug|x64.Build.0 = Debug|Any CPU
		{4A2BF443-F738-43B5-A4B7-0F1344FC8698}.Debug|x86.ActiveCfg = Debug|Any CPU
		{4A2BF443-F738-43B5-A4B7-0F1344FC8698}.Debug|x86.Build.0 = Debug|Any CPU
		{4A2BF443-F738-43B5-A4B7-0F1344FC8698}.Release|Any CPU.ActiveCfg = Release|Any CPU
		{4A2BF443-F738-43B5-A4B7-0F1344FC8698}.Release|Any CPU.Build.0 = Release|Any CPU
		{4A2BF443-F738-43B5-A4B7-0F1344FC8698}.Release|x64.ActiveCfg = Release|Any CPU
		{4A2BF443-F738-43B5-A4B7-0F1344FC8698}.Release|x64.Build.0 = Release|Any CPU
		{4A2BF443-F738-43B5-A4B7-0F1344FC8698}.Release|x86.ActiveCfg = Release|Any CPU
		{4A2BF443-F738-43B5-A4B7-0F1344FC8698}.Release|x86.Build.0 = Release|Any CPU
		{45AA81FA-CAFD-4C56-9B96-2DD11FCF6169}.Debug|Any CPU.ActiveCfg = Debug|Any CPU
		{45AA81FA-CAFD-4C56-9B96-2DD11FCF6169}.Debug|Any CPU.Build.0 = Debug|Any CPU
		{45AA81FA-CAFD-4C56-9B96-2DD11FCF6169}.Debug|x64.ActiveCfg = Debug|Any CPU
		{45AA81FA-CAFD-4C56-9B96-2DD11FCF6169}.Debug|x64.Build.0 = Debug|Any CPU
		{45AA81FA-CAFD-4C56-9B96-2DD11FCF6169}.Debug|x86.ActiveCfg = Debug|Any CPU
		{45AA81FA-CAFD-4C56-9B96-2DD11FCF6169}.Debug|x86.Build.0 = Debug|Any CPU
		{45AA81FA-CAFD-4C56-9B96-2DD11FCF6169}.Release|Any CPU.ActiveCfg = Release|Any CPU
		{45AA81FA-CAFD-4C56-9B96-2DD11FCF6169}.Release|Any CPU.Build.0 = Release|Any CPU
		{45AA81FA-CAFD-4C56-9B96-2DD11FCF6169}.Release|x64.ActiveCfg = Release|Any CPU
		{45AA81FA-CAFD-4C56-9B96-2DD11FCF6169}.Release|x64.Build.0 = Release|Any CPU
		{45AA81FA-CAFD-4C56-9B96-2DD11FCF6169}.Release|x86.ActiveCfg = Release|Any CPU
		{45AA81FA-CAFD-4C56-9B96-2DD11FCF6169}.Release|x86.Build.0 = Release|Any CPU
		{022A9A6F-E063-480D-9D6E-8CC92C9B3DD1}.Debug|Any CPU.ActiveCfg = Debug|Any CPU
		{022A9A6F-E063-480D-9D6E-8CC92C9B3DD1}.Debug|Any CPU.Build.0 = Debug|Any CPU
		{022A9A6F-E063-480D-9D6E-8CC92C9B3DD1}.Debug|x64.ActiveCfg = Debug|Any CPU
		{022A9A6F-E063-480D-9D6E-8CC92C9B3DD1}.Debug|x64.Build.0 = Debug|Any CPU
		{022A9A6F-E063-480D-9D6E-8CC92C9B3DD1}.Debug|x86.ActiveCfg = Debug|Any CPU
		{022A9A6F-E063-480D-9D6E-8CC92C9B3DD1}.Debug|x86.Build.0 = Debug|Any CPU
		{022A9A6F-E063-480D-9D6E-8CC92C9B3DD1}.Release|Any CPU.ActiveCfg = Release|Any CPU
		{022A9A6F-E063-480D-9D6E-8CC92C9B3DD1}.Release|Any CPU.Build.0 = Release|Any CPU
		{022A9A6F-E063-480D-9D6E-8CC92C9B3DD1}.Release|x64.ActiveCfg = Release|Any CPU
		{022A9A6F-E063-480D-9D6E-8CC92C9B3DD1}.Release|x64.Build.0 = Release|Any CPU
		{022A9A6F-E063-480D-9D6E-8CC92C9B3DD1}.Release|x86.ActiveCfg = Release|Any CPU
		{022A9A6F-E063-480D-9D6E-8CC92C9B3DD1}.Release|x86.Build.0 = Release|Any CPU
	EndGlobalSection
	GlobalSection(SolutionProperties) = preSolution
		HideSolutionNode = FALSE
	EndGlobalSection
	GlobalSection(NestedProjects) = preSolution
		{022A9A6F-E063-480D-9D6E-8CC92C9B3DD1} = {827E0CD3-B72D-47B6-A68D-7590B98EB39B}
	EndGlobalSection
EndGlobal
